// !$*UTF8*$!
{
	archiveVersion = 1;
	classes = {
	};
	objectVersion = 46;
	objects = {

/* Begin PBXBuildFile section */
		730A1F381E69CF150002945D /* AppDelegate.swift in Sources */ = {isa = PBXBuildFile; fileRef = 730A1F371E69CF150002945D /* AppDelegate.swift */; };
		730A1F3D1E69CF150002945D /* Main.storyboard in Resources */ = {isa = PBXBuildFile; fileRef = 730A1F3B1E69CF150002945D /* Main.storyboard */; };
		730A1F3F1E69CF150002945D /* Assets.xcassets in Resources */ = {isa = PBXBuildFile; fileRef = 730A1F3E1E69CF150002945D /* Assets.xcassets */; };
		730A1F421E69CF150002945D /* LaunchScreen.storyboard in Resources */ = {isa = PBXBuildFile; fileRef = 730A1F401E69CF150002945D /* LaunchScreen.storyboard */; };
		730A1F4C1E69CF220002945D /* CloudKit.framework in Frameworks */ = {isa = PBXBuildFile; fileRef = 730A1F4B1E69CF220002945D /* CloudKit.framework */; };
		73CDBA9A1E69D0FE00ED65BA /* ContactListTableViewController.swift in Sources */ = {isa = PBXBuildFile; fileRef = 73CDBA991E69D0FE00ED65BA /* ContactListTableViewController.swift */; };
		73CDBA9C1E69D10B00ED65BA /* ContactViewController.swift in Sources */ = {isa = PBXBuildFile; fileRef = 73CDBA9B1E69D10B00ED65BA /* ContactViewController.swift */; };
		73CDBA9E1E69D11300ED65BA /* Contact.swift in Sources */ = {isa = PBXBuildFile; fileRef = 73CDBA9D1E69D11300ED65BA /* Contact.swift */; };
		73CDBAA01E69D12000ED65BA /* ContactController.swift in Sources */ = {isa = PBXBuildFile; fileRef = 73CDBA9F1E69D12000ED65BA /* ContactController.swift */; };
		73CDBAA41E69F8EA00ED65BA /* File.swift in Sources */ = {isa = PBXBuildFile; fileRef = 73CDBAA31E69F8EA00ED65BA /* File.swift */; };
/* End PBXBuildFile section */

/* Begin PBXFileReference section */
		730A1F341E69CF150002945D /* CloudKitChallenge.app */ = {isa = PBXFileReference; explicitFileType = wrapper.application; includeInIndex = 0; path = CloudKitChallenge.app; sourceTree = BUILT_PRODUCTS_DIR; };
		730A1F371E69CF150002945D /* AppDelegate.swift */ = {isa = PBXFileReference; lastKnownFileType = sourcecode.swift; path = AppDelegate.swift; sourceTree = "<group>"; };
		730A1F3C1E69CF150002945D /* Base */ = {isa = PBXFileReference; lastKnownFileType = file.storyboard; name = Base; path = Base.lproj/Main.storyboard; sourceTree = "<group>"; };
		730A1F3E1E69CF150002945D /* Assets.xcassets */ = {isa = PBXFileReference; lastKnownFileType = folder.assetcatalog; path = Assets.xcassets; sourceTree = "<group>"; };
		730A1F411E69CF150002945D /* Base */ = {isa = PBXFileReference; lastKnownFileType = file.storyboard; name = Base; path = Base.lproj/LaunchScreen.storyboard; sourceTree = "<group>"; };
		730A1F431E69CF150002945D /* Info.plist */ = {isa = PBXFileReference; lastKnownFileType = text.plist.xml; path = Info.plist; sourceTree = "<group>"; };
		730A1F491E69CF1F0002945D /* CloudKitChallenge.entitlements */ = {isa = PBXFileReference; lastKnownFileType = text.plist.entitlements; path = CloudKitChallenge.entitlements; sourceTree = "<group>"; };
		730A1F4B1E69CF220002945D /* CloudKit.framework */ = {isa = PBXFileReference; lastKnownFileType = wrapper.framework; name = CloudKit.framework; path = System/Library/Frameworks/CloudKit.framework; sourceTree = SDKROOT; };
		73CDBA991E69D0FE00ED65BA /* ContactListTableViewController.swift */ = {isa = PBXFileReference; fileEncoding = 4; lastKnownFileType = sourcecode.swift; path = ContactListTableViewController.swift; sourceTree = "<group>"; };
		73CDBA9B1E69D10B00ED65BA /* ContactViewController.swift */ = {isa = PBXFileReference; fileEncoding = 4; lastKnownFileType = sourcecode.swift; path = ContactViewController.swift; sourceTree = "<group>"; };
		73CDBA9D1E69D11300ED65BA /* Contact.swift */ = {isa = PBXFileReference; fileEncoding = 4; lastKnownFileType = sourcecode.swift; path = Contact.swift; sourceTree = "<group>"; };
		73CDBA9F1E69D12000ED65BA /* ContactController.swift */ = {isa = PBXFileReference; fileEncoding = 4; lastKnownFileType = sourcecode.swift; path = ContactController.swift; sourceTree = "<group>"; };
		73CDBAA31E69F8EA00ED65BA /* File.swift */ = {isa = PBXFileReference; fileEncoding = 4; lastKnownFileType = sourcecode.swift; path = File.swift; sourceTree = "<group>"; };
/* End PBXFileReference section */

/* Begin PBXFrameworksBuildPhase section */
		730A1F311E69CF140002945D /* Frameworks */ = {
			isa = PBXFrameworksBuildPhase;
			buildActionMask = 2147483647;
			files = (
				730A1F4C1E69CF220002945D /* CloudKit.framework in Frameworks */,
			);
			runOnlyForDeploymentPostprocessing = 0;
		};
/* End PBXFrameworksBuildPhase section */

/* Begin PBXGroup section */
		730A1F2B1E69CF140002945D = {
			isa = PBXGroup;
			children = (
				730A1F361E69CF150002945D /* CloudKitChallenge */,
				730A1F351E69CF150002945D /* Products */,
				730A1F4A1E69CF220002945D /* Frameworks */,
			);
			sourceTree = "<group>";
		};
		730A1F351E69CF150002945D /* Products */ = {
			isa = PBXGroup;
			children = (
				730A1F341E69CF150002945D /* CloudKitChallenge.app */,
			);
			name = Products;
			sourceTree = "<group>";
		};
		730A1F361E69CF150002945D /* CloudKitChallenge */ = {
			isa = PBXGroup;
			children = (
				730A1F501E69CF550002945D /* Model */,
				730A1F4F1E69CF530002945D /* View */,
				730A1F4E1E69CF510002945D /* Controller */,
				730A1F4D1E69CF4E0002945D /* Resources */,
			);
			path = CloudKitChallenge;
			sourceTree = "<group>";
		};
		730A1F4A1E69CF220002945D /* Frameworks */ = {
			isa = PBXGroup;
			children = (
				730A1F4B1E69CF220002945D /* CloudKit.framework */,
			);
			name = Frameworks;
			sourceTree = "<group>";
		};
		730A1F4D1E69CF4E0002945D /* Resources */ = {
			isa = PBXGroup;
			children = (
				730A1F491E69CF1F0002945D /* CloudKitChallenge.entitlements */,
				730A1F431E69CF150002945D /* Info.plist */,
				730A1F3E1E69CF150002945D /* Assets.xcassets */,
				730A1F401E69CF150002945D /* LaunchScreen.storyboard */,
				730A1F371E69CF150002945D /* AppDelegate.swift */,
			);
			name = Resources;
			sourceTree = "<group>";
		};
		730A1F4E1E69CF510002945D /* Controller */ = {
			isa = PBXGroup;
			children = (
				73CDBA991E69D0FE00ED65BA /* ContactListTableViewController.swift */,
				73CDBA9B1E69D10B00ED65BA /* ContactViewController.swift */,
				73CDBA9F1E69D12000ED65BA /* ContactController.swift */,
				73CDBAA31E69F8EA00ED65BA /* File.swift */,
			);
			name = Controller;
			sourceTree = "<group>";
		};
		730A1F4F1E69CF530002945D /* View */ = {
			isa = PBXGroup;
			children = (
				730A1F3B1E69CF150002945D /* Main.storyboard */,
			);
			name = View;
			sourceTree = "<group>";
		};
		730A1F501E69CF550002945D /* Model */ = {
			isa = PBXGroup;
			children = (
				73CDBA9D1E69D11300ED65BA /* Contact.swift */,
			);
			name = Model;
			sourceTree = "<group>";
		};
/* End PBXGroup section */

/* Begin PBXNativeTarget section */
		730A1F331E69CF140002945D /* CloudKitChallenge */ = {
			isa = PBXNativeTarget;
			buildConfigurationList = 730A1F461E69CF150002945D /* Build configuration list for PBXNativeTarget "CloudKitChallenge" */;
			buildPhases = (
				730A1F301E69CF140002945D /* Sources */,
				730A1F311E69CF140002945D /* Frameworks */,
				730A1F321E69CF140002945D /* Resources */,
			);
			buildRules = (
			);
			dependencies = (
			);
			name = CloudKitChallenge;
			productName = CloudKitChallenge;
			productReference = 730A1F341E69CF150002945D /* CloudKitChallenge.app */;
			productType = "com.apple.product-type.application";
		};
/* End PBXNativeTarget section */

/* Begin PBXProject section */
		730A1F2C1E69CF140002945D /* Project object */ = {
			isa = PBXProject;
			attributes = {
				LastSwiftUpdateCheck = 0820;
				LastUpgradeCheck = 0820;
				ORGANIZATIONNAME = "Michael Castillo";
				TargetAttributes = {
					730A1F331E69CF140002945D = {
						CreatedOnToolsVersion = 8.2.1;
						DevelopmentTeam = 4UKSSV9PZ8;
						ProvisioningStyle = Automatic;
						SystemCapabilities = {
							com.apple.Push = {
								enabled = 1;
							};
							com.apple.iCloud = {
								enabled = 1;
							};
						};
					};
				};
			};
			buildConfigurationList = 730A1F2F1E69CF140002945D /* Build configuration list for PBXProject "CloudKitChallenge" */;
			compatibilityVersion = "Xcode 3.2";
			developmentRegion = English;
			hasScannedForEncodings = 0;
			knownRegions = (
				en,
				Base,
			);
			mainGroup = 730A1F2B1E69CF140002945D;
			productRefGroup = 730A1F351E69CF150002945D /* Products */;
			projectDirPath = "";
			projectRoot = "";
			targets = (
				730A1F331E69CF140002945D /* CloudKitChallenge */,
			);
		};
/* End PBXProject section */

/* Begin PBXResourcesBuildPhase section */
		730A1F321E69CF140002945D /* Resources */ = {
			isa = PBXResourcesBuildPhase;
			buildActionMask = 2147483647;
			files = (
				730A1F421E69CF150002945D /* LaunchScreen.storyboard in Resources */,
				730A1F3F1E69CF150002945D /* Assets.xcassets in Resources */,
				730A1F3D1E69CF150002945D /* Main.storyboard in Resources */,
			);
			runOnlyForDeploymentPostprocessing = 0;
		};
/* End PBXResourcesBuildPhase section */

/* Begin PBXSourcesBuildPhase section */
		730A1F301E69CF140002945D /* Sources */ = {
			isa = PBXSourcesBuildPhase;
			buildActionMask = 2147483647;
			files = (
				73CDBA9E1E69D11300ED65BA /* Contact.swift in Sources */,
				73CDBAA41E69F8EA00ED65BA /* File.swift in Sources */,
				73CDBAA01E69D12000ED65BA /* ContactController.swift in Sources */,
				73CDBA9A1E69D0FE00ED65BA /* ContactListTableViewController.swift in Sources */,
				730A1F381E69CF150002945D /* AppDelegate.swift in Sources */,
				73CDBA9C1E69D10B00ED65BA /* ContactViewController.swift in Sources */,
			);
			runOnlyForDeploymentPostprocessing = 0;
		};
/* End PBXSourcesBuildPhase section */

/* Begin PBXVariantGroup section */
		730A1F3B1E69CF150002945D /* Main.storyboard */ = {
			isa = PBXVariantGroup;
			children = (
				730A1F3C1E69CF150002945D /* Base */,
			);
			name = Main.storyboard;
			sourceTree = "<group>";
		};
		730A1F401E69CF150002945D /* LaunchScreen.storyboard */ = {
			isa = PBXVariantGroup;
			children = (
				730A1F411E69CF150002945D /* Base */,
			);
			name = LaunchScreen.storyboard;
			sourceTree = "<group>";
		};
/* End PBXVariantGroup section */

/* Begin XCBuildConfiguration section */
		730A1F441E69CF150002945D /* Debug */ = {
			isa = XCBuildConfiguration;
			buildSettings = {
				ALWAYS_SEARCH_USER_PATHS = NO;
				CLANG_ANALYZER_NONNULL = YES;
				CLANG_CXX_LANGUAGE_STANDARD = "gnu++0x";
				CLANG_CXX_LIBRARY = "libc++";
				CLANG_ENABLE_MODULES = YES;
				CLANG_ENABLE_OBJC_ARC = YES;
				CLANG_WARN_BOOL_CONVERSION = YES;
				CLANG_WARN_CONSTANT_CONVERSION = YES;
				CLANG_WARN_DIRECT_OBJC_ISA_USAGE = YES_ERROR;
				CLANG_WARN_DOCUMENTATION_COMMENTS = YES;
				CLANG_WARN_EMPTY_BODY = YES;
				CLANG_WARN_ENUM_CONVERSION = YES;
				CLANG_WARN_INFINITE_RECURSION = YES;
				CLANG_WARN_INT_CONVERSION = YES;
				CLANG_WARN_OBJC_ROOT_CLASS = YES_ERROR;
				CLANG_WARN_SUSPICIOUS_MOVE = YES;
				CLANG_WARN_UNREACHABLE_CODE = YES;
				CLANG_WARN__DUPLICATE_METHOD_MATCH = YES;
				"CODE_SIGN_IDENTITY[sdk=iphoneos*]" = "iPhone Developer";
				COPY_PHASE_STRIP = NO;
				DEBUG_INFORMATION_FORMAT = dwarf;
				ENABLE_STRICT_OBJC_MSGSEND = YES;
				ENABLE_TESTABILITY = YES;
				GCC_C_LANGUAGE_STANDARD = gnu99;
				GCC_DYNAMIC_NO_PIC = NO;
				GCC_NO_COMMON_BLOCKS = YES;
				GCC_OPTIMIZATION_LEVEL = 0;
				GCC_PREPROCESSOR_DEFINITIONS = (
					"DEBUG=1",
					"$(inherited)",
				);
				GCC_WARN_64_TO_32_BIT_CONVERSION = YES;
				GCC_WARN_ABOUT_RETURN_TYPE = YES_ERROR;
				GCC_WARN_UNDECLARED_SELECTOR = YES;
				GCC_WARN_UNINITIALIZED_AUTOS = YES_AGGRESSIVE;
				GCC_WARN_UNUSED_FUNCTION = YES;
				GCC_WARN_UNUSED_VARIABLE = YES;
				IPHONEOS_DEPLOYMENT_TARGET = 10.2;
				MTL_ENABLE_DEBUG_INFO = YES;
				ONLY_ACTIVE_ARCH = YES;
				SDKROOT = iphoneos;
				SWIFT_ACTIVE_COMPILATION_CONDITIONS = DEBUG;
				SWIFT_OPTIMIZATION_LEVEL = "-Onone";
				TARGETED_DEVICE_FAMILY = "1,2";
			};
			name = Debug;
		};
		730A1F451E69CF150002945D /* Release */ = {
			isa = XCBuildConfiguration;
			buildSettings = {
				ALWAYS_SEARCH_USER_PATHS = NO;
				CLANG_ANALYZER_NONNULL = YES;
				CLANG_CXX_LANGUAGE_STANDARD = "gnu++0x";
				CLANG_CXX_LIBRARY = "libc++";
				CLANG_ENABLE_MODULES = YES;
				CLANG_ENABLE_OBJC_ARC = YES;
				CLANG_WARN_BOOL_CONVERSION = YES;
				CLANG_WARN_CONSTANT_CONVERSION = YES;
				CLANG_WARN_DIRECT_OBJC_ISA_USAGE = YES_ERROR;
				CLANG_WARN_DOCUMENTATION_COMMENTS = YES;
				CLANG_WARN_EMPTY_BODY = YES;
				CLANG_WARN_ENUM_CONVERSION = YES;
				CLANG_WARN_INFINITE_RECURSION = YES;
				CLANG_WARN_INT_CONVERSION = YES;
				CLANG_WARN_OBJC_ROOT_CLASS = YES_ERROR;
				CLANG_WARN_SUSPICIOUS_MOVE = YES;
				CLANG_WARN_UNREACHABLE_CODE = YES;
				CLANG_WARN__DUPLICATE_METHOD_MATCH = YES;
				"CODE_SIGN_IDENTITY[sdk=iphoneos*]" = "iPhone Developer";
				COPY_PHASE_STRIP = NO;
				DEBUG_INFORMATION_FORMAT = "dwarf-with-dsym";
				ENABLE_NS_ASSERTIONS = NO;
				ENABLE_STRICT_OBJC_MSGSEND = YES;
				GCC_C_LANGUAGE_STANDARD = gnu99;
				GCC_NO_COMMON_BLOCKS = YES;
				GCC_WARN_64_TO_32_BIT_CONVERSION = YES;
				GCC_WARN_ABOUT_RETURN_TYPE = YES_ERROR;
				GCC_WARN_UNDECLARED_SELECTOR = YES;
				GCC_WARN_UNINITIALIZED_AUTOS = YES_AGGRESSIVE;
				GCC_WARN_UNUSED_FUNCTION = YES;
				GCC_WARN_UNUSED_VARIABLE = YES;
				IPHONEOS_DEPLOYMENT_TARGET = 10.2;
				MTL_ENABLE_DEBUG_INFO = NO;
				SDKROOT = iphoneos;
				SWIFT_OPTIMIZATION_LEVEL = "-Owholemodule";
				TARGETED_DEVICE_FAMILY = "1,2";
				VALIDATE_PRODUCT = YES;
			};
			name = Release;
		};
		730A1F471E69CF150002945D /* Debug */ = {
			isa = XCBuildConfiguration;
			buildSettings = {
				ASSETCATALOG_COMPILER_APPICON_NAME = AppIcon;
				CODE_SIGN_ENTITLEMENTS = CloudKitChallenge/CloudKitChallenge.entitlements;
				DEVELOPMENT_TEAM = 4UKSSV9PZ8;
				INFOPLIST_FILE = CloudKitChallenge/Info.plist;
				LD_RUNPATH_SEARCH_PATHS = "$(inherited) @executable_path/Frameworks";
				PRODUCT_BUNDLE_IDENTIFIER = com.mikeC.CloudKitChallenge;
				PRODUCT_NAME = "$(TARGET_NAME)";
				SWIFT_VERSION = 3.0;
			};
			name = Debug;
		};
		730A1F481E69CF150002945D /* Release */ = {
			isa = XCBuildConfiguration;
			buildSettings = {
				ASSETCATALOG_COMPILER_APPICON_NAME = AppIcon;
				CODE_SIGN_ENTITLEMENTS = CloudKitChallenge/CloudKitChallenge.entitlements;
				DEVELOPMENT_TEAM = 4UKSSV9PZ8;
				INFOPLIST_FILE = CloudKitChallenge/Info.plist;
				LD_RUNPATH_SEARCH_PATHS = "$(inherited) @executable_path/Frameworks";
				PRODUCT_BUNDLE_IDENTIFIER = com.mikeC.CloudKitChallenge;
				PRODUCT_NAME = "$(TARGET_NAME)";
				SWIFT_VERSION = 3.0;
			};
			name = Release;
		};
/* End XCBuildConfiguration section */

/* Begin XCConfigurationList section */
		730A1F2F1E69CF140002945D /* Build configuration list for PBXProject "CloudKitChallenge" */ = {
			isa = XCConfigurationList;
			buildConfigurations = (
				730A1F441E69CF150002945D /* Debug */,
				730A1F451E69CF150002945D /* Release */,
			);
			defaultConfigurationIsVisible = 0;
			defaultConfigurationName = Release;
		};
		730A1F461E69CF150002945D /* Build configuration list for PBXNativeTarget "CloudKitChallenge" */ = {
			isa = XCConfigurationList;
			buildConfigurations = (
				730A1F471E69CF150002945D /* Debug */,
				730A1F481E69CF150002945D /* Release */,
			);
			defaultConfigurationIsVisible = 0;
			defaultConfigurationName = Release;
		};
/* End XCConfigurationList section */
	};
	rootObject = 730A1F2C1E69CF140002945D /* Project object */;
}
